
Microsoft Visual Studio Solution File, Format Version 12.00
# Visual Studio 15
VisualStudioVersion = 15.0.28307.1082
MinimumVisualStudioVersion = 10.0.40219.1
Project("{FAE04EC0-301F-11D3-BF4B-00C04F79EFBC}") = "GoOn", "GoOn\GoOn.csproj", "{ECBF2E54-819F-4DCB-802E-DC77B15DA237}"
EndProject
Project("{FAE04EC0-301F-11D3-BF4B-00C04F79EFBC}") = "DAL", "DAL\DAL.csproj", "{1789CBEF-9A3D-4F84-BBEA-C54197AE2896}"
EndProject
Project("{FAE04EC0-301F-11D3-BF4B-00C04F79EFBC}") = "BL", "BL\BL.csproj", "{7B33CAEF-2A5F-46FE-B28B-09E4BDB277FA}"
EndProject
Project("{FAE04EC0-301F-11D3-BF4B-00C04F79EFBC}") = "Entity", "Entity\Entity.csproj", "{B2CBEB0D-6D96-4375-83ED-29232531E6D7}"
EndProject
Project("{2150E333-8FDC-42A3-9474-1A3956D46DE8}") = "Services", "Services", "{51719B49-9F51-4546-845E-F0C1E395F335}"
EndProject
Project("{2150E333-8FDC-42A3-9474-1A3956D46DE8}") = "Capas", "Capas", "{1AF53C4F-93B7-4B0D-87B1-367FA2D52281}"
EndProject
Global
	GlobalSection(SolutionConfigurationPlatforms) = preSolution
		Debug|Any CPU = Debug|Any CPU
		Release|Any CPU = Release|Any CPU
	EndGlobalSection
	GlobalSection(ProjectConfigurationPlatforms) = postSolution
		{ECBF2E54-819F-4DCB-802E-DC77B15DA237}.Debug|Any CPU.ActiveCfg = Debug|Any CPU
		{ECBF2E54-819F-4DCB-802E-DC77B15DA237}.Debug|Any CPU.Build.0 = Debug|Any CPU
		{ECBF2E54-819F-4DCB-802E-DC77B15DA237}.Release|Any CPU.ActiveCfg = Release|Any CPU
		{ECBF2E54-819F-4DCB-802E-DC77B15DA237}.Release|Any CPU.Build.0 = Release|Any CPU
		{1789CBEF-9A3D-4F84-BBEA-C54197AE2896}.Debug|Any CPU.ActiveCfg = Debug|Any CPU
		{1789CBEF-9A3D-4F84-BBEA-C54197AE2896}.Debug|Any CPU.Build.0 = Debug|Any CPU
		{1789CBEF-9A3D-4F84-BBEA-C54197AE2896}.Release|Any CPU.ActiveCfg = Release|Any CPU
		{1789CBEF-9A3D-4F84-BBEA-C54197AE2896}.Release|Any CPU.Build.0 = Release|Any CPU
		{7B33CAEF-2A5F-46FE-B28B-09E4BDB277FA}.Debug|Any CPU.ActiveCfg = Debug|Any CPU
		{7B33CAEF-2A5F-46FE-B28B-09E4BDB277FA}.Debug|Any CPU.Build.0 = Debug|Any CPU
		{7B33CAEF-2A5F-46FE-B28B-09E4BDB277FA}.Release|Any CPU.ActiveCfg = Release|Any CPU
		{7B33CAEF-2A5F-46FE-B28B-09E4BDB277FA}.Release|Any CPU.Build.0 = Release|Any CPU
		{B2CBEB0D-6D96-4375-83ED-29232531E6D7}.Debug|Any CPU.ActiveCfg = Debug|Any CPU
		{B2CBEB0D-6D96-4375-83ED-29232531E6D7}.Debug|Any CPU.Build.0 = Debug|Any CPU
		{B2CBEB0D-6D96-4375-83ED-29232531E6D7}.Release|Any CPU.ActiveCfg = Release|Any CPU
		{B2CBEB0D-6D96-4375-83ED-29232531E6D7}.Release|Any CPU.Build.0 = Release|Any CPU
	EndGlobalSection
	GlobalSection(SolutionProperties) = preSolution
		HideSolutionNode = FALSE
	EndGlobalSection
	GlobalSection(NestedProjects) = preSolution
		{1789CBEF-9A3D-4F84-BBEA-C54197AE2896} = {1AF53C4F-93B7-4B0D-87B1-367FA2D52281}
		{7B33CAEF-2A5F-46FE-B28B-09E4BDB277FA} = {1AF53C4F-93B7-4B0D-87B1-367FA2D52281}
		{B2CBEB0D-6D96-4375-83ED-29232531E6D7} = {1AF53C4F-93B7-4B0D-87B1-367FA2D52281}
		{1AF53C4F-93B7-4B0D-87B1-367FA2D52281} = {51719B49-9F51-4546-845E-F0C1E395F335}
	EndGlobalSection
	GlobalSection(ExtensibilityGlobals) = postSolution
		SolutionGuid = {C26A234E-27F2-4CA6-BD99-E7BFD9A4A2F2}
	EndGlobalSection
EndGlobal
